{
  "name": "common",
  "version": "1.0.0",
  "lockfileVersion": 1,
  "requires": true,
  "dependencies": {
    "temp-units-conv": {
      "version": "1.0.2",
      "resolved": "https://registry.npmjs.org/temp-units-conv/-/temp-units-conv-1.0.2.tgz",
      "integrity": "sha512-+yCh3r1VWwV5caJxgT2A1Q7iORqR4gOErvgLBY2RL4UTYq8aNy0aDlN/FAjPREU/Y0iT8ZDi1IWM30dNFZQWlw=="
    }
  }
}
